// !$*UTF8*$!
{
	archiveVersion = 1;
	classes = {
	};
	objectVersion = 48;
	objects = {

/* Begin PBXBuildFile section */
		0916065420871FA400F8E8EC /* multipartAPI.m in Sources */ = {isa = PBXBuildFile; fileRef = 0916065320871FA400F8E8EC /* multipartAPI.m */; };
		093F445E206B715900BC9983 /* UserData.swift in Sources */ = {isa = PBXBuildFile; fileRef = 093F445D206B715800BC9983 /* UserData.swift */; };
		093F4460206B717F00BC9983 /* LumiCategory.swift in Sources */ = {isa = PBXBuildFile; fileRef = 093F445F206B717F00BC9983 /* LumiCategory.swift */; };
		093F4462206B7BC700BC9983 /* Reachability.swift in Sources */ = {isa = PBXBuildFile; fileRef = 093F4461206B7BC700BC9983 /* Reachability.swift */; };
		09559E04208F2D2D003A824C /* UIAlertAction+Image.swift in Sources */ = {isa = PBXBuildFile; fileRef = 09559E03208F2D2C003A824C /* UIAlertAction+Image.swift */; };
		0964E591205FC811007E5924 /* AppDelegate.swift in Sources */ = {isa = PBXBuildFile; fileRef = 0964E557205FC811007E5924 /* AppDelegate.swift */; };
		0964E592205FC811007E5924 /* Assets.xcassets in Resources */ = {isa = PBXBuildFile; fileRef = 0964E558205FC811007E5924 /* Assets.xcassets */; };
		0964E593205FC811007E5924 /* LaunchScreen.storyboard in Resources */ = {isa = PBXBuildFile; fileRef = 0964E559205FC811007E5924 /* LaunchScreen.storyboard */; };
		0964E594205FC811007E5924 /* Main.storyboard in Resources */ = {isa = PBXBuildFile; fileRef = 0964E55B205FC811007E5924 /* Main.storyboard */; };
		0964E59C205FC811007E5924 /* Info.plist in Resources */ = {isa = PBXBuildFile; fileRef = 0964E565205FC811007E5924 /* Info.plist */; };
		0964E5C2205FC811007E5924 /* ViewController.swift in Sources */ = {isa = PBXBuildFile; fileRef = 0964E590205FC811007E5924 /* ViewController.swift */; };
		0964E6D42060F8ED001D6F47 /* ChangePasswordVC.swift in Sources */ = {isa = PBXBuildFile; fileRef = 0964E6CE2060F8ED001D6F47 /* ChangePasswordVC.swift */; };
		0964E6D52060F8ED001D6F47 /* CreateAccountVC.swift in Sources */ = {isa = PBXBuildFile; fileRef = 0964E6CF2060F8ED001D6F47 /* CreateAccountVC.swift */; };
		0964E6D62060F8ED001D6F47 /* ForgotPasswordVC.swift in Sources */ = {isa = PBXBuildFile; fileRef = 0964E6D02060F8ED001D6F47 /* ForgotPasswordVC.swift */; };
		0964E6D72060F8ED001D6F47 /* LogInVC.swift in Sources */ = {isa = PBXBuildFile; fileRef = 0964E6D12060F8ED001D6F47 /* LogInVC.swift */; };
		0964E6D82060F8ED001D6F47 /* TemporaryPasswordVC.swift in Sources */ = {isa = PBXBuildFile; fileRef = 0964E6D22060F8ED001D6F47 /* TemporaryPasswordVC.swift */; };
		0964E6D92060F8ED001D6F47 /* VerifyAccoutVC.swift in Sources */ = {isa = PBXBuildFile; fileRef = 0964E6D32060F8ED001D6F47 /* VerifyAccoutVC.swift */; };
		0964E70F2060F981001D6F47 /* MyLumiFeedVC.swift in Sources */ = {isa = PBXBuildFile; fileRef = 0964E6DB2060F981001D6F47 /* MyLumiFeedVC.swift */; };
		0964E7102060F981001D6F47 /* MyLumiProfileVC.swift in Sources */ = {isa = PBXBuildFile; fileRef = 0964E6DD2060F981001D6F47 /* MyLumiProfileVC.swift */; };
		0964E7112060F981001D6F47 /* ExampleAnimateTipsContentView.swift in Sources */ = {isa = PBXBuildFile; fileRef = 0964E6E02060F981001D6F47 /* ExampleAnimateTipsContentView.swift */; };
		0964E7122060F981001D6F47 /* ExampleBackgroundContentView.swift in Sources */ = {isa = PBXBuildFile; fileRef = 0964E6E12060F981001D6F47 /* ExampleBackgroundContentView.swift */; };
		0964E7132060F981001D6F47 /* ExampleBasicContentView.swift in Sources */ = {isa = PBXBuildFile; fileRef = 0964E6E22060F981001D6F47 /* ExampleBasicContentView.swift */; };
		0964E7142060F981001D6F47 /* ExampleBouncesContentView.swift in Sources */ = {isa = PBXBuildFile; fileRef = 0964E6E32060F981001D6F47 /* ExampleBouncesContentView.swift */; };
		0964E7152060F981001D6F47 /* ExampleHighlightableContentView.swift in Sources */ = {isa = PBXBuildFile; fileRef = 0964E6E42060F981001D6F47 /* ExampleHighlightableContentView.swift */; };
		0964E7162060F981001D6F47 /* ExampleIrregularityContentView.swift in Sources */ = {isa = PBXBuildFile; fileRef = 0964E6E52060F981001D6F47 /* ExampleIrregularityContentView.swift */; };
		0964E7172060F981001D6F47 /* ExampleTipsContentView.swift in Sources */ = {isa = PBXBuildFile; fileRef = 0964E6E62060F981001D6F47 /* ExampleTipsContentView.swift */; };
		0964E7182060F981001D6F47 /* tabbarcontroller.swift in Sources */ = {isa = PBXBuildFile; fileRef = 0964E6E72060F981001D6F47 /* tabbarcontroller.swift */; };
		0964E7192060F981001D6F47 /* Validatable.swift in Sources */ = {isa = PBXBuildFile; fileRef = 0964E6EB2060F981001D6F47 /* Validatable.swift */; };
		0964E71A2060F981001D6F47 /* ValidationDelegate.swift in Sources */ = {isa = PBXBuildFile; fileRef = 0964E6EC2060F981001D6F47 /* ValidationDelegate.swift */; };
		0964E71B2060F981001D6F47 /* ValidationError.swift in Sources */ = {isa = PBXBuildFile; fileRef = 0964E6ED2060F981001D6F47 /* ValidationError.swift */; };
		0964E71C2060F981001D6F47 /* Validator.swift in Sources */ = {isa = PBXBuildFile; fileRef = 0964E6EE2060F981001D6F47 /* Validator.swift */; };
		0964E71D2060F981001D6F47 /* ValidatorDictionary.swift in Sources */ = {isa = PBXBuildFile; fileRef = 0964E6EF2060F981001D6F47 /* ValidatorDictionary.swift */; };
		0964E71E2060F981001D6F47 /* Info.plist in Resources */ = {isa = PBXBuildFile; fileRef = 0964E6F02060F981001D6F47 /* Info.plist */; };
		0964E71F2060F981001D6F47 /* AlphaNumericRule.swift in Sources */ = {isa = PBXBuildFile; fileRef = 0964E6F22060F981001D6F47 /* AlphaNumericRule.swift */; };
		0964E7202060F981001D6F47 /* AlphaRule.swift in Sources */ = {isa = PBXBuildFile; fileRef = 0964E6F32060F981001D6F47 /* AlphaRule.swift */; };
		0964E7212060F981001D6F47 /* CharacterSetRule.swift in Sources */ = {isa = PBXBuildFile; fileRef = 0964E6F42060F981001D6F47 /* CharacterSetRule.swift */; };
		0964E7222060F981001D6F47 /* ConfirmRule.swift in Sources */ = {isa = PBXBuildFile; fileRef = 0964E6F52060F981001D6F47 /* ConfirmRule.swift */; };
		0964E7232060F981001D6F47 /* EmailRule.swift in Sources */ = {isa = PBXBuildFile; fileRef = 0964E6F62060F981001D6F47 /* EmailRule.swift */; };
		0964E7242060F981001D6F47 /* ExactLengthRule.swift in Sources */ = {isa = PBXBuildFile; fileRef = 0964E6F72060F981001D6F47 /* ExactLengthRule.swift */; };
		0964E7252060F981001D6F47 /* FloatRule.swift in Sources */ = {isa = PBXBuildFile; fileRef = 0964E6F82060F981001D6F47 /* FloatRule.swift */; };
		0964E7262060F981001D6F47 /* FullNameRule.swift in Sources */ = {isa = PBXBuildFile; fileRef = 0964E6F92060F981001D6F47 /* FullNameRule.swift */; };
		0964E7272060F981001D6F47 /* HexColorRule.swift in Sources */ = {isa = PBXBuildFile; fileRef = 0964E6FA2060F981001D6F47 /* HexColorRule.swift */; };
		0964E7282060F981001D6F47 /* IPV4Rule.swift in Sources */ = {isa = PBXBuildFile; fileRef = 0964E6FB2060F981001D6F47 /* IPV4Rule.swift */; };
		0964E7292060F981001D6F47 /* ISBNRule.swift in Sources */ = {isa = PBXBuildFile; fileRef = 0964E6FC2060F981001D6F47 /* ISBNRule.swift */; };
		0964E72A2060F981001D6F47 /* MaxLengthRule.swift in Sources */ = {isa = PBXBuildFile; fileRef = 0964E6FD2060F981001D6F47 /* MaxLengthRule.swift */; };
		0964E72B2060F981001D6F47 /* MinLengthRule.swift in Sources */ = {isa = PBXBuildFile; fileRef = 0964E6FE2060F981001D6F47 /* MinLengthRule.swift */; };
		0964E72C2060F981001D6F47 /* PasswordRule.swift in Sources */ = {isa = PBXBuildFile; fileRef = 0964E6FF2060F981001D6F47 /* PasswordRule.swift */; };
		0964E72D2060F981001D6F47 /* PhoneNumberRule.swift in Sources */ = {isa = PBXBuildFile; fileRef = 0964E7002060F981001D6F47 /* PhoneNumberRule.swift */; };
		0964E72E2060F981001D6F47 /* RegexRule.swift in Sources */ = {isa = PBXBuildFile; fileRef = 0964E7012060F981001D6F47 /* RegexRule.swift */; };
		0964E72F2060F981001D6F47 /* RequiredRule.swift in Sources */ = {isa = PBXBuildFile; fileRef = 0964E7022060F981001D6F47 /* RequiredRule.swift */; };
		0964E7302060F981001D6F47 /* Rule.swift in Sources */ = {isa = PBXBuildFile; fileRef = 0964E7032060F981001D6F47 /* Rule.swift */; };
		0964E7312060F981001D6F47 /* ValidationRule.swift in Sources */ = {isa = PBXBuildFile; fileRef = 0964E7042060F981001D6F47 /* ValidationRule.swift */; };
		0964E7322060F981001D6F47 /* ZipCodeRule.swift in Sources */ = {isa = PBXBuildFile; fileRef = 0964E7052060F981001D6F47 /* ZipCodeRule.swift */; };
		0964E7332060F981001D6F47 /* CustomTableView.swift in Sources */ = {isa = PBXBuildFile; fileRef = 0964E7082060F981001D6F47 /* CustomTableView.swift */; };
		0964E7342060F981001D6F47 /* Info.plist in Resources */ = {isa = PBXBuildFile; fileRef = 0964E7092060F981001D6F47 /* Info.plist */; };
		0964E7352060F981001D6F47 /* NewCustomTableView.swift in Sources */ = {isa = PBXBuildFile; fileRef = 0964E70A2060F981001D6F47 /* NewCustomTableView.swift */; };
		0964E7362060F981001D6F47 /* TextFieldTableViewCell.swift in Sources */ = {isa = PBXBuildFile; fileRef = 0964E70B2060F981001D6F47 /* TextFieldTableViewCell.swift */; };
		0964E7372060F981001D6F47 /* TextFieldTableViewController.swift in Sources */ = {isa = PBXBuildFile; fileRef = 0964E70C2060F981001D6F47 /* TextFieldTableViewController.swift */; };
		0964E7382060F981001D6F47 /* LumiCategoryVC.swift in Sources */ = {isa = PBXBuildFile; fileRef = 0964E70E2060F981001D6F47 /* LumiCategoryVC.swift */; };
		096C2EF92064E28E0015C0A9 /* GlobalShareData.swift in Sources */ = {isa = PBXBuildFile; fileRef = 096C2EF82064E28E0015C0A9 /* GlobalShareData.swift */; };
		096ED9DF20760D73003CA8F1 /* LumineerProfileVC.swift in Sources */ = {isa = PBXBuildFile; fileRef = 096ED9DE20760D73003CA8F1 /* LumineerProfileVC.swift */; };
		096ED9E1207653FA003CA8F1 /* ExpandableLabel.swift in Sources */ = {isa = PBXBuildFile; fileRef = 096ED9E0207653FA003CA8F1 /* ExpandableLabel.swift */; };
		096ED9E320766D3B003CA8F1 /* FloatRatingView.swift in Sources */ = {isa = PBXBuildFile; fileRef = 096ED9E220766D3B003CA8F1 /* FloatRatingView.swift */; };
		097A69AF20809569001D273E /* LumiMessage.swift in Sources */ = {isa = PBXBuildFile; fileRef = 097A69AE20809569001D273E /* LumiMessage.swift */; };
		097BF9DA207DF866001F935C /* NoCopyPasteUITextField.swift in Sources */ = {isa = PBXBuildFile; fileRef = 097BF9D9207DF865001F935C /* NoCopyPasteUITextField.swift */; };
		097BF9DC207E052E001F935C /* CameraHandler.swift in Sources */ = {isa = PBXBuildFile; fileRef = 097BF9DB207E052D001F935C /* CameraHandler.swift */; };
		097BFA40207E3647001F935C /* TGChatInputTextPanel.swift in Sources */ = {isa = PBXBuildFile; fileRef = 097BFA32207E363F001F935C /* TGChatInputTextPanel.swift */; };
		097BFA41207E3647001F935C /* TGTitleView.swift in Sources */ = {isa = PBXBuildFile; fileRef = 097BFA33207E363F001F935C /* TGTitleView.swift */; };
		097BFA42207E3647001F935C /* TGTextMessageCell.swift in Sources */ = {isa = PBXBuildFile; fileRef = 097BFA34207E3640001F935C /* TGTextMessageCell.swift */; };
		097BFA43207E3647001F935C /* TGAvatarButton.swift in Sources */ = {isa = PBXBuildFile; fileRef = 097BFA35207E3641001F935C /* TGAvatarButton.swift */; };
		097BFA44207E3647001F935C /* TGBaseMessageCell.swift in Sources */ = {isa = PBXBuildFile; fileRef = 097BFA36207E3641001F935C /* TGBaseMessageCell.swift */; };
		097BFA45207E3647001F935C /* TGDateMessageCellLayout.swift in Sources */ = {isa = PBXBuildFile; fileRef = 097BFA37207E3642001F935C /* TGDateMessageCellLayout.swift */; };
		097BFA46207E3647001F935C /* TGDeliveryStatusView.swift in Sources */ = {isa = PBXBuildFile; fileRef = 097BFA38207E3642001F935C /* TGDeliveryStatusView.swift */; };
		097BFA47207E3647001F935C /* TGSystemMessageCellLayout.swift in Sources */ = {isa = PBXBuildFile; fileRef = 097BFA39207E3643001F935C /* TGSystemMessageCellLayout.swift */; };
		097BFA48207E3647001F935C /* TGBaseMessageCellLayout.swift in Sources */ = {isa = PBXBuildFile; fileRef = 097BFA3A207E3643001F935C /* TGBaseMessageCellLayout.swift */; };
		097BFA49207E3647001F935C /* TGTextMessageCellLayout.swift in Sources */ = {isa = PBXBuildFile; fileRef = 097BFA3B207E3644001F935C /* TGTextMessageCellLayout.swift */; };
		097BFA4A207E3647001F935C /* TGDateMessageCell.swift in Sources */ = {isa = PBXBuildFile; fileRef = 097BFA3C207E3644001F935C /* TGDateMessageCell.swift */; };
		097BFA4B207E3647001F935C /* TGClockProgressView.swift in Sources */ = {isa = PBXBuildFile; fileRef = 097BFA3D207E3645001F935C /* TGClockProgressView.swift */; };
		097BFA4C207E3647001F935C /* TGSystemMessageCell.swift in Sources */ = {isa = PBXBuildFile; fileRef = 097BFA3E207E3646001F935C /* TGSystemMessageCell.swift */; };
		097BFA4D207E3647001F935C /* TGChatViewController.swift in Sources */ = {isa = PBXBuildFile; fileRef = 097BFA3F207E3646001F935C /* TGChatViewController.swift */; };
		097BFA51207E3651001F935C /* Chat.swift in Sources */ = {isa = PBXBuildFile; fileRef = 097BFA4E207E364F001F935C /* Chat.swift */; };
		097BFA52207E3651001F935C /* Message.swift in Sources */ = {isa = PBXBuildFile; fileRef = 097BFA4F207E3650001F935C /* Message.swift */; };
		097BFA53207E3651001F935C /* User.swift in Sources */ = {isa = PBXBuildFile; fileRef = 097BFA50207E3651001F935C /* User.swift */; };
		097BFA56207E365A001F935C /* MessageManager.swift in Sources */ = {isa = PBXBuildFile; fileRef = 097BFA54207E3659001F935C /* MessageManager.swift */; };
		097BFA57207E365A001F935C /* SoundManager.swift in Sources */ = {isa = PBXBuildFile; fileRef = 097BFA55207E365A001F935C /* SoundManager.swift */; };
		097BFA5A207E37EF001F935C /* UIFont+NoChat.swift in Sources */ = {isa = PBXBuildFile; fileRef = 097BFA58207E37EE001F935C /* UIFont+NoChat.swift */; };
		097BFA5B207E37EF001F935C /* NSAttributedString+NoChat.swift in Sources */ = {isa = PBXBuildFile; fileRef = 097BFA59207E37EF001F935C /* NSAttributedString+NoChat.swift */; };
		097BFA5E207E3BE0001F935C /* notification.caf in Resources */ = {isa = PBXBuildFile; fileRef = 097BFA5C207E3BDE001F935C /* notification.caf */; };
		097BFA5F207E3BE0001F935C /* sent.caf in Resources */ = {isa = PBXBuildFile; fileRef = 097BFA5D207E3BDF001F935C /* sent.caf */; };
		09D5E7AF207CF87600242EFC /* PopupSendMessage.swift in Sources */ = {isa = PBXBuildFile; fileRef = 09D5E7AE207CF87600242EFC /* PopupSendMessage.swift */; };
		09D98A0C2065042C00C74E1F /* AFWrapper.swift in Sources */ = {isa = PBXBuildFile; fileRef = 09D98A0B2065042B00C74E1F /* AFWrapper.swift */; };
		09D98A1020652D7000C74E1F /* RealmManager.swift in Sources */ = {isa = PBXBuildFile; fileRef = 09D98A0F20652D6F00C74E1F /* RealmManager.swift */; };
		67D7BA94E7E1A847F7C44881 /* Pods_LumiWorld.framework in Frameworks */ = {isa = PBXBuildFile; fileRef = B7DBA256AB6D1B59291E9C19 /* Pods_LumiWorld.framework */; };
/* End PBXBuildFile section */

/* Begin PBXFileReference section */
		0900544620591EC700262084 /* LumiWorld.app */ = {isa = PBXFileReference; explicitFileType = wrapper.application; includeInIndex = 0; path = LumiWorld.app; sourceTree = BUILT_PRODUCTS_DIR; };
		0916065120871FA300F8E8EC /* LumiWorld-Bridging-Header.h */ = {isa = PBXFileReference; lastKnownFileType = sourcecode.c.h; path = "LumiWorld-Bridging-Header.h"; sourceTree = "<group>"; };
		0916065220871FA400F8E8EC /* multipartAPI.h */ = {isa = PBXFileReference; lastKnownFileType = sourcecode.c.h; path = multipartAPI.h; sourceTree = "<group>"; };
		0916065320871FA400F8E8EC /* multipartAPI.m */ = {isa = PBXFileReference; lastKnownFileType = sourcecode.c.objc; path = multipartAPI.m; sourceTree = "<group>"; };
		093F445D206B715800BC9983 /* UserData.swift */ = {isa = PBXFileReference; fileEncoding = 4; lastKnownFileType = sourcecode.swift; path = UserData.swift; sourceTree = "<group>"; };
		093F445F206B717F00BC9983 /* LumiCategory.swift */ = {isa = PBXFileReference; lastKnownFileType = sourcecode.swift; path = LumiCategory.swift; sourceTree = "<group>"; };
		093F4461206B7BC700BC9983 /* Reachability.swift */ = {isa = PBXFileReference; lastKnownFileType = sourcecode.swift; path = Reachability.swift; sourceTree = "<group>"; };
		093F4463206B7BE500BC9983 /* SystemConfiguration.framework */ = {isa = PBXFileReference; lastKnownFileType = wrapper.framework; name = SystemConfiguration.framework; path = System/Library/Frameworks/SystemConfiguration.framework; sourceTree = SDKROOT; };
		09559E03208F2D2C003A824C /* UIAlertAction+Image.swift */ = {isa = PBXFileReference; fileEncoding = 4; lastKnownFileType = sourcecode.swift; path = "UIAlertAction+Image.swift"; sourceTree = "<group>"; };
		0964E557205FC811007E5924 /* AppDelegate.swift */ = {isa = PBXFileReference; fileEncoding = 4; lastKnownFileType = sourcecode.swift; path = AppDelegate.swift; sourceTree = "<group>"; };
		0964E558205FC811007E5924 /* Assets.xcassets */ = {isa = PBXFileReference; lastKnownFileType = folder.assetcatalog; path = Assets.xcassets; sourceTree = "<group>"; };
		0964E55A205FC811007E5924 /* Base */ = {isa = PBXFileReference; lastKnownFileType = file.storyboard; name = Base; path = Base.lproj/LaunchScreen.storyboard; sourceTree = "<group>"; };
		0964E55C205FC811007E5924 /* Base */ = {isa = PBXFileReference; lastKnownFileType = file.storyboard; name = Base; path = Base.lproj/Main.storyboard; sourceTree = "<group>"; };
		0964E565205FC811007E5924 /* Info.plist */ = {isa = PBXFileReference; fileEncoding = 4; lastKnownFileType = text.plist.xml; path = Info.plist; sourceTree = "<group>"; };
		0964E590205FC811007E5924 /* ViewController.swift */ = {isa = PBXFileReference; fileEncoding = 4; lastKnownFileType = sourcecode.swift; path = ViewController.swift; sourceTree = "<group>"; };
		0964E6CE2060F8ED001D6F47 /* ChangePasswordVC.swift */ = {isa = PBXFileReference; fileEncoding = 4; lastKnownFileType = sourcecode.swift; path = ChangePasswordVC.swift; sourceTree = "<group>"; };
		0964E6CF2060F8ED001D6F47 /* CreateAccountVC.swift */ = {isa = PBXFileReference; fileEncoding = 4; lastKnownFileType = sourcecode.swift; path = CreateAccountVC.swift; sourceTree = "<group>"; };
		0964E6D02060F8ED001D6F47 /* ForgotPasswordVC.swift */ = {isa = PBXFileReference; fileEncoding = 4; lastKnownFileType = sourcecode.swift; path = ForgotPasswordVC.swift; sourceTree = "<group>"; };
		0964E6D12060F8ED001D6F47 /* LogInVC.swift */ = {isa = PBXFileReference; fileEncoding = 4; lastKnownFileType = sourcecode.swift; path = LogInVC.swift; sourceTree = "<group>"; };
		0964E6D22060F8ED001D6F47 /* TemporaryPasswordVC.swift */ = {isa = PBXFileReference; fileEncoding = 4; lastKnownFileType = sourcecode.swift; path = TemporaryPasswordVC.swift; sourceTree = "<group>"; };
		0964E6D32060F8ED001D6F47 /* VerifyAccoutVC.swift */ = {isa = PBXFileReference; fileEncoding = 4; lastKnownFileType = sourcecode.swift; path = VerifyAccoutVC.swift; sourceTree = "<group>"; };
		0964E6DB2060F981001D6F47 /* MyLumiFeedVC.swift */ = {isa = PBXFileReference; fileEncoding = 4; lastKnownFileType = sourcecode.swift; path = MyLumiFeedVC.swift; sourceTree = "<group>"; };
		0964E6DD2060F981001D6F47 /* MyLumiProfileVC.swift */ = {isa = PBXFileReference; fileEncoding = 4; lastKnownFileType = sourcecode.swift; path = MyLumiProfileVC.swift; sourceTree = "<group>"; };
		0964E6E02060F981001D6F47 /* ExampleAnimateTipsContentView.swift */ = {isa = PBXFileReference; fileEncoding = 4; lastKnownFileType = sourcecode.swift; path = ExampleAnimateTipsContentView.swift; sourceTree = "<group>"; };
		0964E6E12060F981001D6F47 /* ExampleBackgroundContentView.swift */ = {isa = PBXFileReference; fileEncoding = 4; lastKnownFileType = sourcecode.swift; path = ExampleBackgroundContentView.swift; sourceTree = "<group>"; };
		0964E6E22060F981001D6F47 /* ExampleBasicContentView.swift */ = {isa = PBXFileReference; fileEncoding = 4; lastKnownFileType = sourcecode.swift; path = ExampleBasicContentView.swift; sourceTree = "<group>"; };
		0964E6E32060F981001D6F47 /* ExampleBouncesContentView.swift */ = {isa = PBXFileReference; fileEncoding = 4; lastKnownFileType = sourcecode.swift; path = ExampleBouncesContentView.swift; sourceTree = "<group>"; };
		0964E6E42060F981001D6F47 /* ExampleHighlightableContentView.swift */ = {isa = PBXFileReference; fileEncoding = 4; lastKnownFileType = sourcecode.swift; path = ExampleHighlightableContentView.swift; sourceTree = "<group>"; };
		0964E6E52060F981001D6F47 /* ExampleIrregularityContentView.swift */ = {isa = PBXFileReference; fileEncoding = 4; lastKnownFileType = sourcecode.swift; path = ExampleIrregularityContentView.swift; sourceTree = "<group>"; };
		0964E6E62060F981001D6F47 /* ExampleTipsContentView.swift */ = {isa = PBXFileReference; fileEncoding = 4; lastKnownFileType = sourcecode.swift; path = ExampleTipsContentView.swift; sourceTree = "<group>"; };
		0964E6E72060F981001D6F47 /* tabbarcontroller.swift */ = {isa = PBXFileReference; fileEncoding = 4; lastKnownFileType = sourcecode.swift; path = tabbarcontroller.swift; sourceTree = "<group>"; };
		0964E6EB2060F981001D6F47 /* Validatable.swift */ = {isa = PBXFileReference; fileEncoding = 4; lastKnownFileType = sourcecode.swift; path = Validatable.swift; sourceTree = "<group>"; };
		0964E6EC2060F981001D6F47 /* ValidationDelegate.swift */ = {isa = PBXFileReference; fileEncoding = 4; lastKnownFileType = sourcecode.swift; path = ValidationDelegate.swift; sourceTree = "<group>"; };
		0964E6ED2060F981001D6F47 /* ValidationError.swift */ = {isa = PBXFileReference; fileEncoding = 4; lastKnownFileType = sourcecode.swift; path = ValidationError.swift; sourceTree = "<group>"; };
		0964E6EE2060F981001D6F47 /* Validator.swift */ = {isa = PBXFileReference; fileEncoding = 4; lastKnownFileType = sourcecode.swift; path = Validator.swift; sourceTree = "<group>"; };
		0964E6EF2060F981001D6F47 /* ValidatorDictionary.swift */ = {isa = PBXFileReference; fileEncoding = 4; lastKnownFileType = sourcecode.swift; path = ValidatorDictionary.swift; sourceTree = "<group>"; };
		0964E6F02060F981001D6F47 /* Info.plist */ = {isa = PBXFileReference; fileEncoding = 4; lastKnownFileType = text.plist.xml; path = Info.plist; sourceTree = "<group>"; };
		0964E6F22060F981001D6F47 /* AlphaNumericRule.swift */ = {isa = PBXFileReference; fileEncoding = 4; lastKnownFileType = sourcecode.swift; path = AlphaNumericRule.swift; sourceTree = "<group>"; };
		0964E6F32060F981001D6F47 /* AlphaRule.swift */ = {isa = PBXFileReference; fileEncoding = 4; lastKnownFileType = sourcecode.swift; path = AlphaRule.swift; sourceTree = "<group>"; };
		0964E6F42060F981001D6F47 /* CharacterSetRule.swift */ = {isa = PBXFileReference; fileEncoding = 4; lastKnownFileType = sourcecode.swift; path = CharacterSetRule.swift; sourceTree = "<group>"; };
		0964E6F52060F981001D6F47 /* ConfirmRule.swift */ = {isa = PBXFileReference; fileEncoding = 4; lastKnownFileType = sourcecode.swift; path = ConfirmRule.swift; sourceTree = "<group>"; };
		0964E6F62060F981001D6F47 /* EmailRule.swift */ = {isa = PBXFileReference; fileEncoding = 4; lastKnownFileType = sourcecode.swift; path = EmailRule.swift; sourceTree = "<group>"; };
		0964E6F72060F981001D6F47 /* ExactLengthRule.swift */ = {isa = PBXFileReference; fileEncoding = 4; lastKnownFileType = sourcecode.swift; path = ExactLengthRule.swift; sourceTree = "<group>"; };
		0964E6F82060F981001D6F47 /* FloatRule.swift */ = {isa = PBXFileReference; fileEncoding = 4; lastKnownFileType = sourcecode.swift; path = FloatRule.swift; sourceTree = "<group>"; };
		0964E6F92060F981001D6F47 /* FullNameRule.swift */ = {isa = PBXFileReference; fileEncoding = 4; lastKnownFileType = sourcecode.swift; path = FullNameRule.swift; sourceTree = "<group>"; };
		0964E6FA2060F981001D6F47 /* HexColorRule.swift */ = {isa = PBXFileReference; fileEncoding = 4; lastKnownFileType = sourcecode.swift; path = HexColorRule.swift; sourceTree = "<group>"; };
		0964E6FB2060F981001D6F47 /* IPV4Rule.swift */ = {isa = PBXFileReference; fileEncoding = 4; lastKnownFileType = sourcecode.swift; path = IPV4Rule.swift; sourceTree = "<group>"; };
		0964E6FC2060F981001D6F47 /* ISBNRule.swift */ = {isa = PBXFileReference; fileEncoding = 4; lastKnownFileType = sourcecode.swift; path = ISBNRule.swift; sourceTree = "<group>"; };
		0964E6FD2060F981001D6F47 /* MaxLengthRule.swift */ = {isa = PBXFileReference; fileEncoding = 4; lastKnownFileType = sourcecode.swift; path = MaxLengthRule.swift; sourceTree = "<group>"; };
		0964E6FE2060F981001D6F47 /* MinLengthRule.swift */ = {isa = PBXFileReference; fileEncoding = 4; lastKnownFileType = sourcecode.swift; path = MinLengthRule.swift; sourceTree = "<group>"; };
		0964E6FF2060F981001D6F47 /* PasswordRule.swift */ = {isa = PBXFileReference; fileEncoding = 4; lastKnownFileType = sourcecode.swift; path = PasswordRule.swift; sourceTree = "<group>"; };
		0964E7002060F981001D6F47 /* PhoneNumberRule.swift */ = {isa = PBXFileReference; fileEncoding = 4; lastKnownFileType = sourcecode.swift; path = PhoneNumberRule.swift; sourceTree = "<group>"; };
		0964E7012060F981001D6F47 /* RegexRule.swift */ = {isa = PBXFileReference; fileEncoding = 4; lastKnownFileType = sourcecode.swift; path = RegexRule.swift; sourceTree = "<group>"; };
		0964E7022060F981001D6F47 /* RequiredRule.swift */ = {isa = PBXFileReference; fileEncoding = 4; lastKnownFileType = sourcecode.swift; path = RequiredRule.swift; sourceTree = "<group>"; };
		0964E7032060F981001D6F47 /* Rule.swift */ = {isa = PBXFileReference; fileEncoding = 4; lastKnownFileType = sourcecode.swift; path = Rule.swift; sourceTree = "<group>"; };
		0964E7042060F981001D6F47 /* ValidationRule.swift */ = {isa = PBXFileReference; fileEncoding = 4; lastKnownFileType = sourcecode.swift; path = ValidationRule.swift; sourceTree = "<group>"; };
		0964E7052060F981001D6F47 /* ZipCodeRule.swift */ = {isa = PBXFileReference; fileEncoding = 4; lastKnownFileType = sourcecode.swift; path = ZipCodeRule.swift; sourceTree = "<group>"; };
		0964E7062060F981001D6F47 /* SwiftValidator.h */ = {isa = PBXFileReference; fileEncoding = 4; lastKnownFileType = sourcecode.c.h; path = SwiftValidator.h; sourceTree = "<group>"; };
		0964E7082060F981001D6F47 /* CustomTableView.swift */ = {isa = PBXFileReference; fileEncoding = 4; lastKnownFileType = sourcecode.swift; path = CustomTableView.swift; sourceTree = "<group>"; };
		0964E7092060F981001D6F47 /* Info.plist */ = {isa = PBXFileReference; fileEncoding = 4; lastKnownFileType = text.plist.xml; path = Info.plist; sourceTree = "<group>"; };
		0964E70A2060F981001D6F47 /* NewCustomTableView.swift */ = {isa = PBXFileReference; fileEncoding = 4; lastKnownFileType = sourcecode.swift; path = NewCustomTableView.swift; sourceTree = "<group>"; };
		0964E70B2060F981001D6F47 /* TextFieldTableViewCell.swift */ = {isa = PBXFileReference; fileEncoding = 4; lastKnownFileType = sourcecode.swift; path = TextFieldTableViewCell.swift; sourceTree = "<group>"; };
		0964E70C2060F981001D6F47 /* TextFieldTableViewController.swift */ = {isa = PBXFileReference; fileEncoding = 4; lastKnownFileType = sourcecode.swift; path = TextFieldTableViewController.swift; sourceTree = "<group>"; };
		0964E70E2060F981001D6F47 /* LumiCategoryVC.swift */ = {isa = PBXFileReference; fileEncoding = 4; lastKnownFileType = sourcecode.swift; path = LumiCategoryVC.swift; sourceTree = "<group>"; };
		096C2EF82064E28E0015C0A9 /* GlobalShareData.swift */ = {isa = PBXFileReference; lastKnownFileType = sourcecode.swift; path = GlobalShareData.swift; sourceTree = "<group>"; };
		096ED9DE20760D73003CA8F1 /* LumineerProfileVC.swift */ = {isa = PBXFileReference; lastKnownFileType = sourcecode.swift; path = LumineerProfileVC.swift; sourceTree = "<group>"; };
		096ED9E0207653FA003CA8F1 /* ExpandableLabel.swift */ = {isa = PBXFileReference; fileEncoding = 4; lastKnownFileType = sourcecode.swift; path = ExpandableLabel.swift; sourceTree = "<group>"; };
		096ED9E220766D3B003CA8F1 /* FloatRatingView.swift */ = {isa = PBXFileReference; fileEncoding = 4; lastKnownFileType = sourcecode.swift; path = FloatRatingView.swift; sourceTree = "<group>"; };
		097A69AE20809569001D273E /* LumiMessage.swift */ = {isa = PBXFileReference; lastKnownFileType = sourcecode.swift; path = LumiMessage.swift; sourceTree = "<group>"; };
		097BF9D9207DF865001F935C /* NoCopyPasteUITextField.swift */ = {isa = PBXFileReference; fileEncoding = 4; lastKnownFileType = sourcecode.swift; path = NoCopyPasteUITextField.swift; sourceTree = "<group>"; };
		097BF9DB207E052D001F935C /* CameraHandler.swift */ = {isa = PBXFileReference; fileEncoding = 4; lastKnownFileType = sourcecode.swift; path = CameraHandler.swift; sourceTree = "<group>"; };
		097BFA32207E363F001F935C /* TGChatInputTextPanel.swift */ = {isa = PBXFileReference; fileEncoding = 4; lastKnownFileType = sourcecode.swift; path = TGChatInputTextPanel.swift; sourceTree = "<group>"; };
		097BFA33207E363F001F935C /* TGTitleView.swift */ = {isa = PBXFileReference; fileEncoding = 4; lastKnownFileType = sourcecode.swift; path = TGTitleView.swift; sourceTree = "<group>"; };
		097BFA34207E3640001F935C /* TGTextMessageCell.swift */ = {isa = PBXFileReference; fileEncoding = 4; lastKnownFileType = sourcecode.swift; path = TGTextMessageCell.swift; sourceTree = "<group>"; };
		097BFA35207E3641001F935C /* TGAvatarButton.swift */ = {isa = PBXFileReference; fileEncoding = 4; lastKnownFileType = sourcecode.swift; path = TGAvatarButton.swift; sourceTree = "<group>"; };
		097BFA36207E3641001F935C /* TGBaseMessageCell.swift */ = {isa = PBXFileReference; fileEncoding = 4; lastKnownFileType = sourcecode.swift; path = TGBaseMessageCell.swift; sourceTree = "<group>"; };
		097BFA37207E3642001F935C /* TGDateMessageCellLayout.swift */ = {isa = PBXFileReference; fileEncoding = 4; lastKnownFileType = sourcecode.swift; path = TGDateMessageCellLayout.swift; sourceTree = "<group>"; };
		097BFA38207E3642001F935C /* TGDeliveryStatusView.swift */ = {isa = PBXFileReference; fileEncoding = 4; lastKnownFileType = sourcecode.swift; path = TGDeliveryStatusView.swift; sourceTree = "<group>"; };
		097BFA39207E3643001F935C /* TGSystemMessageCellLayout.swift */ = {isa = PBXFileReference; fileEncoding = 4; lastKnownFileType = sourcecode.swift; path = TGSystemMessageCellLayout.swift; sourceTree = "<group>"; };
		097BFA3A207E3643001F935C /* TGBaseMessageCellLayout.swift */ = {isa = PBXFileReference; fileEncoding = 4; lastKnownFileType = sourcecode.swift; path = TGBaseMessageCellLayout.swift; sourceTree = "<group>"; };
		097BFA3B207E3644001F935C /* TGTextMessageCellLayout.swift */ = {isa = PBXFileReference; fileEncoding = 4; lastKnownFileType = sourcecode.swift; path = TGTextMessageCellLayout.swift; sourceTree = "<group>"; };
		097BFA3C207E3644001F935C /* TGDateMessageCell.swift */ = {isa = PBXFileReference; fileEncoding = 4; lastKnownFileType = sourcecode.swift; path = TGDateMessageCell.swift; sourceTree = "<group>"; };
		097BFA3D207E3645001F935C /* TGClockProgressView.swift */ = {isa = PBXFileReference; fileEncoding = 4; lastKnownFileType = sourcecode.swift; path = TGClockProgressView.swift; sourceTree = "<group>"; };
		097BFA3E207E3646001F935C /* TGSystemMessageCell.swift */ = {isa = PBXFileReference; fileEncoding = 4; lastKnownFileType = sourcecode.swift; path = TGSystemMessageCell.swift; sourceTree = "<group>"; };
		097BFA3F207E3646001F935C /* TGChatViewController.swift */ = {isa = PBXFileReference; fileEncoding = 4; lastKnownFileType = sourcecode.swift; path = TGChatViewController.swift; sourceTree = "<group>"; };
		097BFA4E207E364F001F935C /* Chat.swift */ = {isa = PBXFileReference; fileEncoding = 4; lastKnownFileType = sourcecode.swift; path = Chat.swift; sourceTree = "<group>"; };
		097BFA4F207E3650001F935C /* Message.swift */ = {isa = PBXFileReference; fileEncoding = 4; lastKnownFileType = sourcecode.swift; path = Message.swift; sourceTree = "<group>"; };
		097BFA50207E3651001F935C /* User.swift */ = {isa = PBXFileReference; fileEncoding = 4; lastKnownFileType = sourcecode.swift; path = User.swift; sourceTree = "<group>"; };
		097BFA54207E3659001F935C /* MessageManager.swift */ = {isa = PBXFileReference; fileEncoding = 4; lastKnownFileType = sourcecode.swift; path = MessageManager.swift; sourceTree = "<group>"; };
		097BFA55207E365A001F935C /* SoundManager.swift */ = {isa = PBXFileReference; fileEncoding = 4; lastKnownFileType = sourcecode.swift; path = SoundManager.swift; sourceTree = "<group>"; };
		097BFA58207E37EE001F935C /* UIFont+NoChat.swift */ = {isa = PBXFileReference; fileEncoding = 4; lastKnownFileType = sourcecode.swift; path = "UIFont+NoChat.swift"; sourceTree = "<group>"; };
		097BFA59207E37EF001F935C /* NSAttributedString+NoChat.swift */ = {isa = PBXFileReference; fileEncoding = 4; lastKnownFileType = sourcecode.swift; path = "NSAttributedString+NoChat.swift"; sourceTree = "<group>"; };
		097BFA5C207E3BDE001F935C /* notification.caf */ = {isa = PBXFileReference; lastKnownFileType = file; path = notification.caf; sourceTree = "<group>"; };
		097BFA5D207E3BDF001F935C /* sent.caf */ = {isa = PBXFileReference; lastKnownFileType = file; path = sent.caf; sourceTree = "<group>"; };
		09D5E7AE207CF87600242EFC /* PopupSendMessage.swift */ = {isa = PBXFileReference; lastKnownFileType = sourcecode.swift; path = PopupSendMessage.swift; sourceTree = "<group>"; };
		09D98A0B2065042B00C74E1F /* AFWrapper.swift */ = {isa = PBXFileReference; fileEncoding = 4; lastKnownFileType = sourcecode.swift; path = AFWrapper.swift; sourceTree = "<group>"; };
		09D98A0F20652D6F00C74E1F /* RealmManager.swift */ = {isa = PBXFileReference; fileEncoding = 4; lastKnownFileType = sourcecode.swift; path = RealmManager.swift; sourceTree = "<group>"; };
		1ED9069746B80D308CA990E5 /* Pods-LumiWorld.release.xcconfig */ = {isa = PBXFileReference; includeInIndex = 1; lastKnownFileType = text.xcconfig; name = "Pods-LumiWorld.release.xcconfig"; path = "Pods/Target Support Files/Pods-LumiWorld/Pods-LumiWorld.release.xcconfig"; sourceTree = "<group>"; };
		6FEF0ECD00478AAAF31FB7D6 /* Pods-testSVG.debug.xcconfig */ = {isa = PBXFileReference; includeInIndex = 1; lastKnownFileType = text.xcconfig; name = "Pods-testSVG.debug.xcconfig"; path = "Pods/Target Support Files/Pods-testSVG/Pods-testSVG.debug.xcconfig"; sourceTree = "<group>"; };
		9F02ED078EDE7A7BA7E9DE02 /* Pods-testSVG.release.xcconfig */ = {isa = PBXFileReference; includeInIndex = 1; lastKnownFileType = text.xcconfig; name = "Pods-testSVG.release.xcconfig"; path = "Pods/Target Support Files/Pods-testSVG/Pods-testSVG.release.xcconfig"; sourceTree = "<group>"; };
		B7DBA256AB6D1B59291E9C19 /* Pods_LumiWorld.framework */ = {isa = PBXFileReference; explicitFileType = wrapper.framework; includeInIndex = 0; path = Pods_LumiWorld.framework; sourceTree = BUILT_PRODUCTS_DIR; };
		ECF5E08DEA1C518477F9554A /* Pods-LumiWorld.debug.xcconfig */ = {isa = PBXFileReference; includeInIndex = 1; lastKnownFileType = text.xcconfig; name = "Pods-LumiWorld.debug.xcconfig"; path = "Pods/Target Support Files/Pods-LumiWorld/Pods-LumiWorld.debug.xcconfig"; sourceTree = "<group>"; };
/* End PBXFileReference section */

/* Begin PBXFrameworksBuildPhase section */
		0900544320591EC700262084 /* Frameworks */ = {
			isa = PBXFrameworksBuildPhase;
			buildActionMask = 2147483647;
			files = (
				67D7BA94E7E1A847F7C44881 /* Pods_LumiWorld.framework in Frameworks */,
			);
			runOnlyForDeploymentPostprocessing = 0;
		};
/* End PBXFrameworksBuildPhase section */

/* Begin PBXGroup section */
		0900543D20591EC700262084 = {
			isa = PBXGroup;
			children = (
				0964E556205FC811007E5924 /* LumiWorld */,
				0900544720591EC700262084 /* Products */,
				B6393628CC4CD6B70DE3677E /* Frameworks */,
				2856D921F31031F6DF78EF6E /* Pods */,
			);
			sourceTree = "<group>";
		};
		0900544720591EC700262084 /* Products */ = {
			isa = PBXGroup;
			children = (
				0900544620591EC700262084 /* LumiWorld.app */,
			);
			name = Products;
			sourceTree = "<group>";
		};
		093F445C206B715800BC9983 /* Models */ = {
			isa = PBXGroup;
			children = (
				093F445D206B715800BC9983 /* UserData.swift */,
				093F445F206B717F00BC9983 /* LumiCategory.swift */,
				097A69AE20809569001D273E /* LumiMessage.swift */,
			);
			path = Models;
			sourceTree = "<group>";
		};
		0964E556205FC811007E5924 /* LumiWorld */ = {
			isa = PBXGroup;
			children = (
				097BF9DE207E35D2001F935C /* Message */,
				093F445C206B715800BC9983 /* Models */,
				0964E70D2060F981001D6F47 /* LumiCategory */,
				0964E6DA2060F981001D6F47 /* MyLumiFeed */,
				0964E6DC2060F981001D6F47 /* MyLumiProfile */,
				0964E6DE2060F981001D6F47 /* TabBarController */,
				0964E6E82060F981001D6F47 /* Utilities */,
				0964E6CD2060F8ED001D6F47 /* UserModule */,
				0964E557205FC811007E5924 /* AppDelegate.swift */,
				0964E558205FC811007E5924 /* Assets.xcassets */,
				097BFA5C207E3BDE001F935C /* notification.caf */,
				097BFA5D207E3BDF001F935C /* sent.caf */,
				0964E559205FC811007E5924 /* LaunchScreen.storyboard */,
				0964E55B205FC811007E5924 /* Main.storyboard */,
				0964E565205FC811007E5924 /* Info.plist */,
				0964E590205FC811007E5924 /* ViewController.swift */,
			);
			path = LumiWorld;
			sourceTree = "<group>";
		};
		0964E6CD2060F8ED001D6F47 /* UserModule */ = {
			isa = PBXGroup;
			children = (
				0964E6CE2060F8ED001D6F47 /* ChangePasswordVC.swift */,
				0964E6CF2060F8ED001D6F47 /* CreateAccountVC.swift */,
				0964E6D02060F8ED001D6F47 /* ForgotPasswordVC.swift */,
				0964E6D12060F8ED001D6F47 /* LogInVC.swift */,
				0964E6D22060F8ED001D6F47 /* TemporaryPasswordVC.swift */,
				0964E6D32060F8ED001D6F47 /* VerifyAccoutVC.swift */,
			);
			path = UserModule;
			sourceTree = "<group>";
		};
		0964E6DA2060F981001D6F47 /* MyLumiFeed */ = {
			isa = PBXGroup;
			children = (
				0964E6DB2060F981001D6F47 /* MyLumiFeedVC.swift */,
			);
			path = MyLumiFeed;
			sourceTree = "<group>";
		};
		0964E6DC2060F981001D6F47 /* MyLumiProfile */ = {
			isa = PBXGroup;
			children = (
				0964E6DD2060F981001D6F47 /* MyLumiProfileVC.swift */,
			);
			path = MyLumiProfile;
			sourceTree = "<group>";
		};
		0964E6DE2060F981001D6F47 /* TabBarController */ = {
			isa = PBXGroup;
			children = (
				0964E6DF2060F981001D6F47 /* Content */,
				0964E6E72060F981001D6F47 /* tabbarcontroller.swift */,
			);
			path = TabBarController;
			sourceTree = "<group>";
		};
		0964E6DF2060F981001D6F47 /* Content */ = {
			isa = PBXGroup;
			children = (
				0964E6E02060F981001D6F47 /* ExampleAnimateTipsContentView.swift */,
				0964E6E12060F981001D6F47 /* ExampleBackgroundContentView.swift */,
				0964E6E22060F981001D6F47 /* ExampleBasicContentView.swift */,
				0964E6E32060F981001D6F47 /* ExampleBouncesContentView.swift */,
				0964E6E42060F981001D6F47 /* ExampleHighlightableContentView.swift */,
				0964E6E52060F981001D6F47 /* ExampleIrregularityContentView.swift */,
				0964E6E62060F981001D6F47 /* ExampleTipsContentView.swift */,
			);
			path = Content;
			sourceTree = "<group>";
		};
		0964E6E82060F981001D6F47 /* Utilities */ = {
			isa = PBXGroup;
			children = (
				09559E03208F2D2C003A824C /* UIAlertAction+Image.swift */,
				097BF9DB207E052D001F935C /* CameraHandler.swift */,
				097BF9D9207DF865001F935C /* NoCopyPasteUITextField.swift */,
				096ED9E220766D3B003CA8F1 /* FloatRatingView.swift */,
				096ED9E0207653FA003CA8F1 /* ExpandableLabel.swift */,
				09D98A0F20652D6F00C74E1F /* RealmManager.swift */,
				09D98A0B2065042B00C74E1F /* AFWrapper.swift */,
				0964E6E92060F981001D6F47 /* SwiftValidator */,
				0964E7072060F981001D6F47 /* TextFieldTableViewController */,
				096C2EF82064E28E0015C0A9 /* GlobalShareData.swift */,
				093F4461206B7BC700BC9983 /* Reachability.swift */,
				0916065220871FA400F8E8EC /* multipartAPI.h */,
				0916065320871FA400F8E8EC /* multipartAPI.m */,
				0916065120871FA300F8E8EC /* LumiWorld-Bridging-Header.h */,
			);
			path = Utilities;
			sourceTree = "<group>";
		};
		0964E6E92060F981001D6F47 /* SwiftValidator */ = {
			isa = PBXGroup;
			children = (
				0964E6EA2060F981001D6F47 /* Core */,
				0964E6F02060F981001D6F47 /* Info.plist */,
				0964E6F12060F981001D6F47 /* Rules */,
				0964E7062060F981001D6F47 /* SwiftValidator.h */,
			);
			path = SwiftValidator;
			sourceTree = "<group>";
		};
		0964E6EA2060F981001D6F47 /* Core */ = {
			isa = PBXGroup;
			children = (
				0964E6EB2060F981001D6F47 /* Validatable.swift */,
				0964E6EC2060F981001D6F47 /* ValidationDelegate.swift */,
				0964E6ED2060F981001D6F47 /* ValidationError.swift */,
				0964E6EE2060F981001D6F47 /* Validator.swift */,
				0964E6EF2060F981001D6F47 /* ValidatorDictionary.swift */,
			);
			path = Core;
			sourceTree = "<group>";
		};
		0964E6F12060F981001D6F47 /* Rules */ = {
			isa = PBXGroup;
			children = (
				0964E6F22060F981001D6F47 /* AlphaNumericRule.swift */,
				0964E6F32060F981001D6F47 /* AlphaRule.swift */,
				0964E6F42060F981001D6F47 /* CharacterSetRule.swift */,
				0964E6F52060F981001D6F47 /* ConfirmRule.swift */,
				0964E6F62060F981001D6F47 /* EmailRule.swift */,
				0964E6F72060F981001D6F47 /* ExactLengthRule.swift */,
				0964E6F82060F981001D6F47 /* FloatRule.swift */,
				0964E6F92060F981001D6F47 /* FullNameRule.swift */,
				0964E6FA2060F981001D6F47 /* HexColorRule.swift */,
				0964E6FB2060F981001D6F47 /* IPV4Rule.swift */,
				0964E6FC2060F981001D6F47 /* ISBNRule.swift */,
				0964E6FD2060F981001D6F47 /* MaxLengthRule.swift */,
				0964E6FE2060F981001D6F47 /* MinLengthRule.swift */,
				0964E6FF2060F981001D6F47 /* PasswordRule.swift */,
				0964E7002060F981001D6F47 /* PhoneNumberRule.swift */,
				0964E7012060F981001D6F47 /* RegexRule.swift */,
				0964E7022060F981001D6F47 /* RequiredRule.swift */,
				0964E7032060F981001D6F47 /* Rule.swift */,
				0964E7042060F981001D6F47 /* ValidationRule.swift */,
				0964E7052060F981001D6F47 /* ZipCodeRule.swift */,
			);
			path = Rules;
			sourceTree = "<group>";
		};
		0964E7072060F981001D6F47 /* TextFieldTableViewController */ = {
			isa = PBXGroup;
			children = (
				0964E7082060F981001D6F47 /* CustomTableView.swift */,
				0964E7092060F981001D6F47 /* Info.plist */,
				0964E70A2060F981001D6F47 /* NewCustomTableView.swift */,
				0964E70B2060F981001D6F47 /* TextFieldTableViewCell.swift */,
				0964E70C2060F981001D6F47 /* TextFieldTableViewController.swift */,
			);
			path = TextFieldTableViewController;
			sourceTree = "<group>";
		};
		0964E70D2060F981001D6F47 /* LumiCategory */ = {
			isa = PBXGroup;
			children = (
				0964E70E2060F981001D6F47 /* LumiCategoryVC.swift */,
				096ED9DE20760D73003CA8F1 /* LumineerProfileVC.swift */,
				09D5E7AE207CF87600242EFC /* PopupSendMessage.swift */,
			);
			path = LumiCategory;
			sourceTree = "<group>";
		};
		097BF9DE207E35D2001F935C /* Message */ = {
			isa = PBXGroup;
			children = (
				097BFA3F207E3646001F935C /* TGChatViewController.swift */,
				097BFA59207E37EF001F935C /* NSAttributedString+NoChat.swift */,
				097BFA58207E37EE001F935C /* UIFont+NoChat.swift */,
				097BFA54207E3659001F935C /* MessageManager.swift */,
				097BFA55207E365A001F935C /* SoundManager.swift */,
				097BFA4E207E364F001F935C /* Chat.swift */,
				097BFA4F207E3650001F935C /* Message.swift */,
				097BFA50207E3651001F935C /* User.swift */,
				097BFA35207E3641001F935C /* TGAvatarButton.swift */,
				097BFA36207E3641001F935C /* TGBaseMessageCell.swift */,
				097BFA3A207E3643001F935C /* TGBaseMessageCellLayout.swift */,
				097BFA32207E363F001F935C /* TGChatInputTextPanel.swift */,
				097BFA3D207E3645001F935C /* TGClockProgressView.swift */,
				097BFA3C207E3644001F935C /* TGDateMessageCell.swift */,
				097BFA37207E3642001F935C /* TGDateMessageCellLayout.swift */,
				097BFA38207E3642001F935C /* TGDeliveryStatusView.swift */,
				097BFA3E207E3646001F935C /* TGSystemMessageCell.swift */,
				097BFA39207E3643001F935C /* TGSystemMessageCellLayout.swift */,
				097BFA34207E3640001F935C /* TGTextMessageCell.swift */,
				097BFA3B207E3644001F935C /* TGTextMessageCellLayout.swift */,
				097BFA33207E363F001F935C /* TGTitleView.swift */,
			);
			path = Message;
			sourceTree = "<group>";
		};
		2856D921F31031F6DF78EF6E /* Pods */ = {
			isa = PBXGroup;
			children = (
				6FEF0ECD00478AAAF31FB7D6 /* Pods-testSVG.debug.xcconfig */,
				9F02ED078EDE7A7BA7E9DE02 /* Pods-testSVG.release.xcconfig */,
				ECF5E08DEA1C518477F9554A /* Pods-LumiWorld.debug.xcconfig */,
				1ED9069746B80D308CA990E5 /* Pods-LumiWorld.release.xcconfig */,
			);
			name = Pods;
			sourceTree = "<group>";
		};
		B6393628CC4CD6B70DE3677E /* Frameworks */ = {
			isa = PBXGroup;
			children = (
				093F4463206B7BE500BC9983 /* SystemConfiguration.framework */,
				B7DBA256AB6D1B59291E9C19 /* Pods_LumiWorld.framework */,
			);
			name = Frameworks;
			sourceTree = "<group>";
		};
/* End PBXGroup section */

/* Begin PBXNativeTarget section */
		0900544520591EC700262084 /* LumiWorld */ = {
			isa = PBXNativeTarget;
			buildConfigurationList = 0900545820591EC700262084 /* Build configuration list for PBXNativeTarget "LumiWorld" */;
			buildPhases = (
				003D076E214968E70C4F9A35 /* [CP] Check Pods Manifest.lock */,
				0900544220591EC700262084 /* Sources */,
				0900544320591EC700262084 /* Frameworks */,
				0900544420591EC700262084 /* Resources */,
				2860A662A2D0255E7026B6EE /* [CP] Embed Pods Frameworks */,
				990265AC2CA611F957B94038 /* [CP] Copy Pods Resources */,
			);
			buildRules = (
			);
			dependencies = (
			);
			name = LumiWorld;
			productName = testSVG;
			productReference = 0900544620591EC700262084 /* LumiWorld.app */;
			productType = "com.apple.product-type.application";
		};
/* End PBXNativeTarget section */

/* Begin PBXProject section */
		0900543E20591EC700262084 /* Project object */ = {
			isa = PBXProject;
			attributes = {
				LastSwiftUpdateCheck = 0910;
				LastUpgradeCheck = 0910;
				ORGANIZATIONNAME = "Ashish Patel";
				TargetAttributes = {
					0900544520591EC700262084 = {
						CreatedOnToolsVersion = 9.1;
						LastSwiftMigration = 0910;
						ProvisioningStyle = Manual;
					};
				};
			};
			buildConfigurationList = 0900544120591EC700262084 /* Build configuration list for PBXProject "LumiWorld" */;
			compatibilityVersion = "Xcode 8.0";
			developmentRegion = en;
			hasScannedForEncodings = 0;
			knownRegions = (
				en,
				Base,
			);
			mainGroup = 0900543D20591EC700262084;
			productRefGroup = 0900544720591EC700262084 /* Products */;
			projectDirPath = "";
			projectRoot = "";
			targets = (
				0900544520591EC700262084 /* LumiWorld */,
			);
		};
/* End PBXProject section */

/* Begin PBXResourcesBuildPhase section */
		0900544420591EC700262084 /* Resources */ = {
			isa = PBXResourcesBuildPhase;
			buildActionMask = 2147483647;
			files = (
				0964E59C205FC811007E5924 /* Info.plist in Resources */,
				0964E594205FC811007E5924 /* Main.storyboard in Resources */,
				097BFA5F207E3BE0001F935C /* sent.caf in Resources */,
				0964E7342060F981001D6F47 /* Info.plist in Resources */,
				097BFA5E207E3BE0001F935C /* notification.caf in Resources */,
				0964E592205FC811007E5924 /* Assets.xcassets in Resources */,
				0964E71E2060F981001D6F47 /* Info.plist in Resources */,
				0964E593205FC811007E5924 /* LaunchScreen.storyboard in Resources */,
			);
			runOnlyForDeploymentPostprocessing = 0;
		};
/* End PBXResourcesBuildPhase section */

/* Begin PBXShellScriptBuildPhase section */
		003D076E214968E70C4F9A35 /* [CP] Check Pods Manifest.lock */ = {
			isa = PBXShellScriptBuildPhase;
			buildActionMask = 2147483647;
			files = (
			);
			inputPaths = (
				"${PODS_PODFILE_DIR_PATH}/Podfile.lock",
				"${PODS_ROOT}/Manifest.lock",
			);
			name = "[CP] Check Pods Manifest.lock";
			outputPaths = (
				"$(DERIVED_FILE_DIR)/Pods-LumiWorld-checkManifestLockResult.txt",
			);
			runOnlyForDeploymentPostprocessing = 0;
			shellPath = /bin/sh;
			shellScript = "diff \"${PODS_PODFILE_DIR_PATH}/Podfile.lock\" \"${PODS_ROOT}/Manifest.lock\" > /dev/null\nif [ $? != 0 ] ; then\n    # print error to STDERR\n    echo \"error: The sandbox is not in sync with the Podfile.lock. Run 'pod install' or update your CocoaPods installation.\" >&2\n    exit 1\nfi\n# This output is used by Xcode 'outputs' to avoid re-running this script phase.\necho \"SUCCESS\" > \"${SCRIPT_OUTPUT_FILE_0}\"\n";
			showEnvVarsInLog = 0;
		};
		2860A662A2D0255E7026B6EE /* [CP] Embed Pods Frameworks */ = {
			isa = PBXShellScriptBuildPhase;
			buildActionMask = 2147483647;
			files = (
			);
			inputPaths = (
				"${SRCROOT}/Pods/Target Support Files/Pods-LumiWorld/Pods-LumiWorld-frameworks.sh",
				"${BUILT_PRODUCTS_DIR}/Alamofire/Alamofire.framework",
				"${BUILT_PRODUCTS_DIR}/AlamofireImage/AlamofireImage.framework",
				"${BUILT_PRODUCTS_DIR}/ESTabBarController-swift/ESTabBarController_swift.framework",
				"${BUILT_PRODUCTS_DIR}/HPGrowingTextView/HPGrowingTextView.framework",
				"${BUILT_PRODUCTS_DIR}/IQKeyboardManagerSwift/IQKeyboardManagerSwift.framework",
				"${BUILT_PRODUCTS_DIR}/L10n-swift/L10n_swift.framework",
				"${BUILT_PRODUCTS_DIR}/MBProgressHUD/MBProgressHUD.framework",
				"${BUILT_PRODUCTS_DIR}/MaterialTextField/MaterialTextField.framework",
				"${BUILT_PRODUCTS_DIR}/NoChat/NoChat.framework",
				"${BUILT_PRODUCTS_DIR}/Realm/Realm.framework",
				"${BUILT_PRODUCTS_DIR}/RealmSwift/RealmSwift.framework",
				"${BUILT_PRODUCTS_DIR}/SCLAlertView/SCLAlertView.framework",
				"${BUILT_PRODUCTS_DIR}/SwifterSwift/SwifterSwift.framework",
				"${BUILT_PRODUCTS_DIR}/SwiftyJSON/SwiftyJSON.framework",
				"${BUILT_PRODUCTS_DIR}/YYText/YYText.framework",
				"${BUILT_PRODUCTS_DIR}/pop/pop.framework",
			);
			name = "[CP] Embed Pods Frameworks";
			outputPaths = (
				"${TARGET_BUILD_DIR}/${FRAMEWORKS_FOLDER_PATH}/Alamofire.framework",
				"${TARGET_BUILD_DIR}/${FRAMEWORKS_FOLDER_PATH}/AlamofireImage.framework",
				"${TARGET_BUILD_DIR}/${FRAMEWORKS_FOLDER_PATH}/ESTabBarController_swift.framework",
				"${TARGET_BUILD_DIR}/${FRAMEWORKS_FOLDER_PATH}/HPGrowingTextView.framework",
				"${TARGET_BUILD_DIR}/${FRAMEWORKS_FOLDER_PATH}/IQKeyboardManagerSwift.framework",
				"${TARGET_BUILD_DIR}/${FRAMEWORKS_FOLDER_PATH}/L10n_swift.framework",
				"${TARGET_BUILD_DIR}/${FRAMEWORKS_FOLDER_PATH}/MBProgressHUD.framework",
				"${TARGET_BUILD_DIR}/${FRAMEWORKS_FOLDER_PATH}/MaterialTextField.framework",
				"${TARGET_BUILD_DIR}/${FRAMEWORKS_FOLDER_PATH}/NoChat.framework",
				"${TARGET_BUILD_DIR}/${FRAMEWORKS_FOLDER_PATH}/Realm.framework",
				"${TARGET_BUILD_DIR}/${FRAMEWORKS_FOLDER_PATH}/RealmSwift.framework",
				"${TARGET_BUILD_DIR}/${FRAMEWORKS_FOLDER_PATH}/SCLAlertView.framework",
				"${TARGET_BUILD_DIR}/${FRAMEWORKS_FOLDER_PATH}/SwifterSwift.framework",
				"${TARGET_BUILD_DIR}/${FRAMEWORKS_FOLDER_PATH}/SwiftyJSON.framework",
				"${TARGET_BUILD_DIR}/${FRAMEWORKS_FOLDER_PATH}/YYText.framework",
				"${TARGET_BUILD_DIR}/${FRAMEWORKS_FOLDER_PATH}/pop.framework",
			);
			runOnlyForDeploymentPostprocessing = 0;
			shellPath = /bin/sh;
			shellScript = "\"${SRCROOT}/Pods/Target Support Files/Pods-LumiWorld/Pods-LumiWorld-frameworks.sh\"\n";
			showEnvVarsInLog = 0;
		};
		990265AC2CA611F957B94038 /* [CP] Copy Pods Resources */ = {
			isa = PBXShellScriptBuildPhase;
			buildActionMask = 2147483647;
			files = (
			);
			inputPaths = (
			);
			name = "[CP] Copy Pods Resources";
			outputPaths = (
			);
			runOnlyForDeploymentPostprocessing = 0;
			shellPath = /bin/sh;
			shellScript = "\"${SRCROOT}/Pods/Target Support Files/Pods-LumiWorld/Pods-LumiWorld-resources.sh\"\n";
			showEnvVarsInLog = 0;
		};
/* End PBXShellScriptBuildPhase section */

/* Begin PBXSourcesBuildPhase section */
		0900544220591EC700262084 /* Sources */ = {
			isa = PBXSourcesBuildPhase;
			buildActionMask = 2147483647;
			files = (
				097BF9DA207DF866001F935C /* NoCopyPasteUITextField.swift in Sources */,
				0964E7192060F981001D6F47 /* Validatable.swift in Sources */,
				0964E71D2060F981001D6F47 /* ValidatorDictionary.swift in Sources */,
				0916065420871FA400F8E8EC /* multipartAPI.m in Sources */,
				0964E6D52060F8ED001D6F47 /* CreateAccountVC.swift in Sources */,
				0964E72C2060F981001D6F47 /* PasswordRule.swift in Sources */,
				0964E71B2060F981001D6F47 /* ValidationError.swift in Sources */,
				0964E591205FC811007E5924 /* AppDelegate.swift in Sources */,
				0964E72F2060F981001D6F47 /* RequiredRule.swift in Sources */,
				0964E7172060F981001D6F47 /* ExampleTipsContentView.swift in Sources */,
				0964E6D62060F8ED001D6F47 /* ForgotPasswordVC.swift in Sources */,
				0964E71A2060F981001D6F47 /* ValidationDelegate.swift in Sources */,
				097BFA5A207E37EF001F935C /* UIFont+NoChat.swift in Sources */,
				0964E72E2060F981001D6F47 /* RegexRule.swift in Sources */,
				0964E7142060F981001D6F47 /* ExampleBouncesContentView.swift in Sources */,
				097BFA4D207E3647001F935C /* TGChatViewController.swift in Sources */,
				0964E7282060F981001D6F47 /* IPV4Rule.swift in Sources */,
				097BFA45207E3647001F935C /* TGDateMessageCellLayout.swift in Sources */,
				09D98A1020652D7000C74E1F /* RealmManager.swift in Sources */,
				0964E72D2060F981001D6F47 /* PhoneNumberRule.swift in Sources */,
				097A69AF20809569001D273E /* LumiMessage.swift in Sources */,
				09D98A0C2065042C00C74E1F /* AFWrapper.swift in Sources */,
				0964E7272060F981001D6F47 /* HexColorRule.swift in Sources */,
				0964E7182060F981001D6F47 /* tabbarcontroller.swift in Sources */,
				0964E71F2060F981001D6F47 /* AlphaNumericRule.swift in Sources */,
				0964E7202060F981001D6F47 /* AlphaRule.swift in Sources */,
				097BF9DC207E052E001F935C /* CameraHandler.swift in Sources */,
				0964E7242060F981001D6F47 /* ExactLengthRule.swift in Sources */,
				0964E7222060F981001D6F47 /* ConfirmRule.swift in Sources */,
				097BFA48207E3647001F935C /* TGBaseMessageCellLayout.swift in Sources */,
				0964E7162060F981001D6F47 /* ExampleIrregularityContentView.swift in Sources */,
				097BFA51207E3651001F935C /* Chat.swift in Sources */,
				0964E6D42060F8ED001D6F47 /* ChangePasswordVC.swift in Sources */,
				0964E6D72060F8ED001D6F47 /* LogInVC.swift in Sources */,
				0964E7362060F981001D6F47 /* TextFieldTableViewCell.swift in Sources */,
				093F445E206B715900BC9983 /* UserData.swift in Sources */,
				097BFA4A207E3647001F935C /* TGDateMessageCell.swift in Sources */,
				0964E5C2205FC811007E5924 /* ViewController.swift in Sources */,
				09559E04208F2D2D003A824C /* UIAlertAction+Image.swift in Sources */,
				096ED9E1207653FA003CA8F1 /* ExpandableLabel.swift in Sources */,
				0964E7372060F981001D6F47 /* TextFieldTableViewController.swift in Sources */,
				0964E7312060F981001D6F47 /* ValidationRule.swift in Sources */,
				097BFA49207E3647001F935C /* TGTextMessageCellLayout.swift in Sources */,
				093F4460206B717F00BC9983 /* LumiCategory.swift in Sources */,
				0964E7262060F981001D6F47 /* FullNameRule.swift in Sources */,
				093F4462206B7BC700BC9983 /* Reachability.swift in Sources */,
				0964E7292060F981001D6F47 /* ISBNRule.swift in Sources */,
				097BFA43207E3647001F935C /* TGAvatarButton.swift in Sources */,
				097BFA57207E365A001F935C /* SoundManager.swift in Sources */,
				0964E7382060F981001D6F47 /* LumiCategoryVC.swift in Sources */,
				097BFA56207E365A001F935C /* MessageManager.swift in Sources */,
				097BFA52207E3651001F935C /* Message.swift in Sources */,
				0964E70F2060F981001D6F47 /* MyLumiFeedVC.swift in Sources */,
				0964E7112060F981001D6F47 /* ExampleAnimateTipsContentView.swift in Sources */,
				097BFA4C207E3647001F935C /* TGSystemMessageCell.swift in Sources */,
				0964E6D82060F8ED001D6F47 /* TemporaryPasswordVC.swift in Sources */,
				096ED9E320766D3B003CA8F1 /* FloatRatingView.swift in Sources */,
				097BFA46207E3647001F935C /* TGDeliveryStatusView.swift in Sources */,
				097BFA41207E3647001F935C /* TGTitleView.swift in Sources */,
				0964E7332060F981001D6F47 /* CustomTableView.swift in Sources */,
				0964E71C2060F981001D6F47 /* Validator.swift in Sources */,
				096ED9DF20760D73003CA8F1 /* LumineerProfileVC.swift in Sources */,
				0964E7252060F981001D6F47 /* FloatRule.swift in Sources */,
				0964E7212060F981001D6F47 /* CharacterSetRule.swift in Sources */,
				0964E72B2060F981001D6F47 /* MinLengthRule.swift in Sources */,
				0964E7352060F981001D6F47 /* NewCustomTableView.swift in Sources */,
				096C2EF92064E28E0015C0A9 /* GlobalShareData.swift in Sources */,
				097BFA44207E3647001F935C /* TGBaseMessageCell.swift in Sources */,
				0964E6D92060F8ED001D6F47 /* VerifyAccoutVC.swift in Sources */,
				097BFA4B207E3647001F935C /* TGClockProgressView.swift in Sources */,
				097BFA40207E3647001F935C /* TGChatInputTextPanel.swift in Sources */,
				097BFA47207E3647001F935C /* TGSystemMessageCellLayout.swift in Sources */,
				09D5E7AF207CF87600242EFC /* PopupSendMessage.swift in Sources */,
				0964E72A2060F981001D6F47 /* MaxLengthRule.swift in Sources */,
				0964E7102060F981001D6F47 /* MyLumiProfileVC.swift in Sources */,
				0964E7302060F981001D6F47 /* Rule.swift in Sources */,
				0964E7322060F981001D6F47 /* ZipCodeRule.swift in Sources */,
				0964E7132060F981001D6F47 /* ExampleBasicContentView.swift in Sources */,
				097BFA5B207E37EF001F935C /* NSAttributedString+NoChat.swift in Sources */,
				0964E7122060F981001D6F47 /* ExampleBackgroundContentView.swift in Sources */,
				0964E7232060F981001D6F47 /* EmailRule.swift in Sources */,
				0964E7152060F981001D6F47 /* ExampleHighlightableContentView.swift in Sources */,
				097BFA42207E3647001F935C /* TGTextMessageCell.swift in Sources */,
				097BFA53207E3651001F935C /* User.swift in Sources */,
			);
			runOnlyForDeploymentPostprocessing = 0;
		};
/* End PBXSourcesBuildPhase section */

/* Begin PBXVariantGroup section */
		0964E559205FC811007E5924 /* LaunchScreen.storyboard */ = {
			isa = PBXVariantGroup;
			children = (
				0964E55A205FC811007E5924 /* Base */,
			);
			name = LaunchScreen.storyboard;
			sourceTree = "<group>";
		};
		0964E55B205FC811007E5924 /* Main.storyboard */ = {
			isa = PBXVariantGroup;
			children = (
				0964E55C205FC811007E5924 /* Base */,
			);
			name = Main.storyboard;
			sourceTree = "<group>";
		};
/* End PBXVariantGroup section */

/* Begin XCBuildConfiguration section */
		0900545620591EC700262084 /* Debug */ = {
			isa = XCBuildConfiguration;
			buildSettings = {
				ALWAYS_SEARCH_USER_PATHS = NO;
				CLANG_ANALYZER_NONNULL = YES;
				CLANG_ANALYZER_NUMBER_OBJECT_CONVERSION = YES_AGGRESSIVE;
				CLANG_CXX_LANGUAGE_STANDARD = "gnu++14";
				CLANG_CXX_LIBRARY = "libc++";
				CLANG_ENABLE_MODULES = YES;
				CLANG_ENABLE_OBJC_ARC = YES;
				CLANG_WARN_BLOCK_CAPTURE_AUTORELEASING = YES;
				CLANG_WARN_BOOL_CONVERSION = YES;
				CLANG_WARN_COMMA = YES;
				CLANG_WARN_CONSTANT_CONVERSION = YES;
				CLANG_WARN_DIRECT_OBJC_ISA_USAGE = YES_ERROR;
				CLANG_WARN_DOCUMENTATION_COMMENTS = YES;
				CLANG_WARN_EMPTY_BODY = YES;
				CLANG_WARN_ENUM_CONVERSION = YES;
				CLANG_WARN_INFINITE_RECURSION = YES;
				CLANG_WARN_INT_CONVERSION = YES;
				CLANG_WARN_NON_LITERAL_NULL_CONVERSION = YES;
				CLANG_WARN_OBJC_LITERAL_CONVERSION = YES;
				CLANG_WARN_OBJC_ROOT_CLASS = YES_ERROR;
				CLANG_WARN_RANGE_LOOP_ANALYSIS = YES;
				CLANG_WARN_STRICT_PROTOTYPES = YES;
				CLANG_WARN_SUSPICIOUS_MOVE = YES;
				CLANG_WARN_UNGUARDED_AVAILABILITY = YES_AGGRESSIVE;
				CLANG_WARN_UNREACHABLE_CODE = YES;
				CLANG_WARN__DUPLICATE_METHOD_MATCH = YES;
				CODE_SIGN_IDENTITY = "iPhone Developer";
				COPY_PHASE_STRIP = NO;
				DEBUG_INFORMATION_FORMAT = dwarf;
				ENABLE_STRICT_OBJC_MSGSEND = YES;
				ENABLE_TESTABILITY = YES;
				GCC_C_LANGUAGE_STANDARD = gnu11;
				GCC_DYNAMIC_NO_PIC = NO;
				GCC_NO_COMMON_BLOCKS = YES;
				GCC_OPTIMIZATION_LEVEL = 0;
				GCC_PREPROCESSOR_DEFINITIONS = (
					"DEBUG=1",
					"$(inherited)",
				);
				GCC_WARN_64_TO_32_BIT_CONVERSION = YES;
				GCC_WARN_ABOUT_RETURN_TYPE = YES_ERROR;
				GCC_WARN_UNDECLARED_SELECTOR = YES;
				GCC_WARN_UNINITIALIZED_AUTOS = YES_AGGRESSIVE;
				GCC_WARN_UNUSED_FUNCTION = YES;
				GCC_WARN_UNUSED_VARIABLE = YES;
				IPHONEOS_DEPLOYMENT_TARGET = 11.1;
				MTL_ENABLE_DEBUG_INFO = YES;
				ONLY_ACTIVE_ARCH = YES;
				SDKROOT = iphoneos;
				SWIFT_ACTIVE_COMPILATION_CONDITIONS = DEBUG;
				SWIFT_OPTIMIZATION_LEVEL = "-Onone";
			};
			name = Debug;
		};
		0900545720591EC700262084 /* Release */ = {
			isa = XCBuildConfiguration;
			buildSettings = {
				ALWAYS_SEARCH_USER_PATHS = NO;
				CLANG_ANALYZER_NONNULL = YES;
				CLANG_ANALYZER_NUMBER_OBJECT_CONVERSION = YES_AGGRESSIVE;
				CLANG_CXX_LANGUAGE_STANDARD = "gnu++14";
				CLANG_CXX_LIBRARY = "libc++";
				CLANG_ENABLE_MODULES = YES;
				CLANG_ENABLE_OBJC_ARC = YES;
				CLANG_WARN_BLOCK_CAPTURE_AUTORELEASING = YES;
				CLANG_WARN_BOOL_CONVERSION = YES;
				CLANG_WARN_COMMA = YES;
				CLANG_WARN_CONSTANT_CONVERSION = YES;
				CLANG_WARN_DIRECT_OBJC_ISA_USAGE = YES_ERROR;
				CLANG_WARN_DOCUMENTATION_COMMENTS = YES;
				CLANG_WARN_EMPTY_BODY = YES;
				CLANG_WARN_ENUM_CONVERSION = YES;
				CLANG_WARN_INFINITE_RECURSION = YES;
				CLANG_WARN_INT_CONVERSION = YES;
				CLANG_WARN_NON_LITERAL_NULL_CONVERSION = YES;
				CLANG_WARN_OBJC_LITERAL_CONVERSION = YES;
				CLANG_WARN_OBJC_ROOT_CLASS = YES_ERROR;
				CLANG_WARN_RANGE_LOOP_ANALYSIS = YES;
				CLANG_WARN_STRICT_PROTOTYPES = YES;
				CLANG_WARN_SUSPICIOUS_MOVE = YES;
				CLANG_WARN_UNGUARDED_AVAILABILITY = YES_AGGRESSIVE;
				CLANG_WARN_UNREACHABLE_CODE = YES;
				CLANG_WARN__DUPLICATE_METHOD_MATCH = YES;
				CODE_SIGN_IDENTITY = "iPhone Developer";
				COPY_PHASE_STRIP = NO;
				DEBUG_INFORMATION_FORMAT = "dwarf-with-dsym";
				ENABLE_NS_ASSERTIONS = NO;
				ENABLE_STRICT_OBJC_MSGSEND = YES;
				GCC_C_LANGUAGE_STANDARD = gnu11;
				GCC_NO_COMMON_BLOCKS = YES;
				GCC_WARN_64_TO_32_BIT_CONVERSION = YES;
				GCC_WARN_ABOUT_RETURN_TYPE = YES_ERROR;
				GCC_WARN_UNDECLARED_SELECTOR = YES;
				GCC_WARN_UNINITIALIZED_AUTOS = YES_AGGRESSIVE;
				GCC_WARN_UNUSED_FUNCTION = YES;
				GCC_WARN_UNUSED_VARIABLE = YES;
				IPHONEOS_DEPLOYMENT_TARGET = 11.1;
				MTL_ENABLE_DEBUG_INFO = NO;
				SDKROOT = iphoneos;
				SWIFT_OPTIMIZATION_LEVEL = "-Owholemodule";
				VALIDATE_PRODUCT = YES;
			};
			name = Release;
		};
		0900545920591EC700262084 /* Debug */ = {
			isa = XCBuildConfiguration;
			baseConfigurationReference = ECF5E08DEA1C518477F9554A /* Pods-LumiWorld.debug.xcconfig */;
			buildSettings = {
				ASSETCATALOG_COMPILER_APPICON_NAME = AppIcon;
				CLANG_ENABLE_MODULES = YES;
				CODE_SIGN_STYLE = Manual;
				DEVELOPMENT_TEAM = J323ZHWH83;
				INFOPLIST_FILE = LumiWorld/Info.plist;
				LD_RUNPATH_SEARCH_PATHS = "$(inherited) @executable_path/Frameworks";
				PRODUCT_BUNDLE_IDENTIFIER = com.lumiworld.zazo;
				PRODUCT_NAME = "$(TARGET_NAME)";
				PROVISIONING_PROFILE = "510147dc-b366-4b45-998f-c4551ad6bc5f";
				PROVISIONING_PROFILE_SPECIFIER = 19April_DevLumi;
				SWIFT_OBJC_BRIDGING_HEADER = "LumiWorld/Utilities/LumiWorld-Bridging-Header.h";
				SWIFT_OPTIMIZATION_LEVEL = "-Onone";
				SWIFT_VERSION = 4.0;
				TARGETED_DEVICE_FAMILY = "1,2";
			};
			name = Debug;
		};
		0900545A20591EC700262084 /* Release */ = {
			isa = XCBuildConfiguration;
			baseConfigurationReference = 1ED9069746B80D308CA990E5 /* Pods-LumiWorld.release.xcconfig */;
			buildSettings = {
				ASSETCATALOG_COMPILER_APPICON_NAME = AppIcon;
				CLANG_ENABLE_MODULES = YES;
				CODE_SIGN_STYLE = Manual;
				DEVELOPMENT_TEAM = J323ZHWH83;
				INFOPLIST_FILE = LumiWorld/Info.plist;
				LD_RUNPATH_SEARCH_PATHS = "$(inherited) @executable_path/Frameworks";
				PRODUCT_BUNDLE_IDENTIFIER = com.lumiworld.zazo;
				PRODUCT_NAME = "$(TARGET_NAME)";
				PROVISIONING_PROFILE = "510147dc-b366-4b45-998f-c4551ad6bc5f";
				PROVISIONING_PROFILE_SPECIFIER = 19April_DevLumi;
				SWIFT_OBJC_BRIDGING_HEADER = "LumiWorld/Utilities/LumiWorld-Bridging-Header.h";
				SWIFT_VERSION = 4.0;
				TARGETED_DEVICE_FAMILY = "1,2";
			};
			name = Release;
		};
/* End XCBuildConfiguration section */

/* Begin XCConfigurationList section */
		0900544120591EC700262084 /* Build configuration list for PBXProject "LumiWorld" */ = {
			isa = XCConfigurationList;
			buildConfigurations = (
				0900545620591EC700262084 /* Debug */,
				0900545720591EC700262084 /* Release */,
			);
			defaultConfigurationIsVisible = 0;
			defaultConfigurationName = Release;
		};
		0900545820591EC700262084 /* Build configuration list for PBXNativeTarget "LumiWorld" */ = {
			isa = XCConfigurationList;
			buildConfigurations = (
				0900545920591EC700262084 /* Debug */,
				0900545A20591EC700262084 /* Release */,
			);
			defaultConfigurationIsVisible = 0;
			defaultConfigurationName = Release;
		};
/* End XCConfigurationList section */
	};
	rootObject = 0900543E20591EC700262084 /* Project object */;
}
